// !$*UTF8*$!
{
	archiveVersion = 1;
	classes = {
	};
	objectVersion = 50;
	objects = {

/* Begin PBXBuildFile section */
		6C37A889268C118E007ABFC9 /* AppDelegate.swift in Sources */ = {isa = PBXBuildFile; fileRef = 6C37A888268C118E007ABFC9 /* AppDelegate.swift */; };
		6C37A88B268C118E007ABFC9 /* SceneDelegate.swift in Sources */ = {isa = PBXBuildFile; fileRef = 6C37A88A268C118E007ABFC9 /* SceneDelegate.swift */; };
		6C37A88D268C118E007ABFC9 /* ViewController.swift in Sources */ = {isa = PBXBuildFile; fileRef = 6C37A88C268C118E007ABFC9 /* ViewController.swift */; };
		6C37A890268C118E007ABFC9 /* Main.storyboard in Resources */ = {isa = PBXBuildFile; fileRef = 6C37A88E268C118E007ABFC9 /* Main.storyboard */; };
		6C37A892268C118F007ABFC9 /* Assets.xcassets in Resources */ = {isa = PBXBuildFile; fileRef = 6C37A891268C118F007ABFC9 /* Assets.xcassets */; };
		6C37A895268C118F007ABFC9 /* LaunchScreen.storyboard in Resources */ = {isa = PBXBuildFile; fileRef = 6C37A893268C118F007ABFC9 /* LaunchScreen.storyboard */; };
		6C37A8A0268C1190007ABFC9 /* WeatherForecastTests.swift in Sources */ = {isa = PBXBuildFile; fileRef = 6C37A89F268C1190007ABFC9 /* WeatherForecastTests.swift */; };
		6C37A8AB268C1190007ABFC9 /* WeatherForecastUITests.swift in Sources */ = {isa = PBXBuildFile; fileRef = 6C37A8AA268C1190007ABFC9 /* WeatherForecastUITests.swift */; };
/* End PBXBuildFile section */

/* Begin PBXContainerItemProxy section */
		6C37A89C268C1190007ABFC9 /* PBXContainerItemProxy */ = {
			isa = PBXContainerItemProxy;
			containerPortal = 6C37A87D268C118E007ABFC9 /* Project object */;
			proxyType = 1;
			remoteGlobalIDString = 6C37A884268C118E007ABFC9;
			remoteInfo = WeatherForecast;
		};
		6C37A8A7268C1190007ABFC9 /* PBXContainerItemProxy */ = {
			isa = PBXContainerItemProxy;
			containerPortal = 6C37A87D268C118E007ABFC9 /* Project object */;
			proxyType = 1;
			remoteGlobalIDString = 6C37A884268C118E007ABFC9;
			remoteInfo = WeatherForecast;
		};
/* End PBXContainerItemProxy section */

/* Begin PBXFileReference section */
		6C37A885268C118E007ABFC9 /* WeatherForecast.app */ = {isa = PBXFileReference; explicitFileType = wrapper.application; includeInIndex = 0; path = WeatherForecast.app; sourceTree = BUILT_PRODUCTS_DIR; };
		6C37A888268C118E007ABFC9 /* AppDelegate.swift */ = {isa = PBXFileReference; lastKnownFileType = sourcecode.swift; path = AppDelegate.swift; sourceTree = "<group>"; };
		6C37A88A268C118E007ABFC9 /* SceneDelegate.swift */ = {isa = PBXFileReference; lastKnownFileType = sourcecode.swift; path = SceneDelegate.swift; sourceTree = "<group>"; };
		6C37A88C268C118E007ABFC9 /* ViewController.swift */ = {isa = PBXFileReference; lastKnownFileType = sourcecode.swift; path = ViewController.swift; sourceTree = "<group>"; };
		6C37A88F268C118E007ABFC9 /* Base */ = {isa = PBXFileReference; lastKnownFileType = file.storyboard; name = Base; path = Base.lproj/Main.storyboard; sourceTree = "<group>"; };
		6C37A891268C118F007ABFC9 /* Assets.xcassets */ = {isa = PBXFileReference; lastKnownFileType = folder.assetcatalog; path = Assets.xcassets; sourceTree = "<group>"; };
		6C37A894268C118F007ABFC9 /* Base */ = {isa = PBXFileReference; lastKnownFileType = file.storyboard; name = Base; path = Base.lproj/LaunchScreen.storyboard; sourceTree = "<group>"; };
		6C37A896268C118F007ABFC9 /* Info.plist */ = {isa = PBXFileReference; lastKnownFileType = text.plist.xml; path = Info.plist; sourceTree = "<group>"; };
		6C37A89B268C1190007ABFC9 /* WeatherForecastTests.xctest */ = {isa = PBXFileReference; explicitFileType = wrapper.cfbundle; includeInIndex = 0; path = WeatherForecastTests.xctest; sourceTree = BUILT_PRODUCTS_DIR; };
		6C37A89F268C1190007ABFC9 /* WeatherForecastTests.swift */ = {isa = PBXFileReference; lastKnownFileType = sourcecode.swift; path = WeatherForecastTests.swift; sourceTree = "<group>"; };
		6C37A8A1268C1190007ABFC9 /* Info.plist */ = {isa = PBXFileReference; lastKnownFileType = text.plist.xml; path = Info.plist; sourceTree = "<group>"; };
		6C37A8A6268C1190007ABFC9 /* WeatherForecastUITests.xctest */ = {isa = PBXFileReference; explicitFileType = wrapper.cfbundle; includeInIndex = 0; path = WeatherForecastUITests.xctest; sourceTree = BUILT_PRODUCTS_DIR; };
		6C37A8AA268C1190007ABFC9 /* WeatherForecastUITests.swift */ = {isa = PBXFileReference; lastKnownFileType = sourcecode.swift; path = WeatherForecastUITests.swift; sourceTree = "<group>"; };
		6C37A8AC268C1190007ABFC9 /* Info.plist */ = {isa = PBXFileReference; lastKnownFileType = text.plist.xml; path = Info.plist; sourceTree = "<group>"; };
/* End PBXFileReference section */

/* Begin PBXFrameworksBuildPhase section */
		6C37A882268C118E007ABFC9 /* Frameworks */ = {
			isa = PBXFrameworksBuildPhase;
			buildActionMask = 2147483647;
			files = (
			);
			runOnlyForDeploymentPostprocessing = 0;
		};
		6C37A898268C1190007ABFC9 /* Frameworks */ = {
			isa = PBXFrameworksBuildPhase;
			buildActionMask = 2147483647;
			files = (
			);
			runOnlyForDeploymentPostprocessing = 0;
		};
		6C37A8A3268C1190007ABFC9 /* Frameworks */ = {
			isa = PBXFrameworksBuildPhase;
			buildActionMask = 2147483647;
			files = (
			);
			runOnlyForDeploymentPostprocessing = 0;
		};
/* End PBXFrameworksBuildPhase section */

/* Begin PBXGroup section */
		6C37A87C268C118E007ABFC9 = {
			isa = PBXGroup;
			children = (
				6C37A887268C118E007ABFC9 /* WeatherForecast */,
				6C37A89E268C1190007ABFC9 /* WeatherForecastTests */,
				6C37A8A9268C1190007ABFC9 /* WeatherForecastUITests */,
				6C37A886268C118E007ABFC9 /* Products */,
			);
			sourceTree = "<group>";
		};
		6C37A886268C118E007ABFC9 /* Products */ = {
			isa = PBXGroup;
			children = (
				6C37A885268C118E007ABFC9 /* WeatherForecast.app */,
				6C37A89B268C1190007ABFC9 /* WeatherForecastTests.xctest */,
				6C37A8A6268C1190007ABFC9 /* WeatherForecastUITests.xctest */,
			);
			name = Products;
			sourceTree = "<group>";
		};
		6C37A887268C118E007ABFC9 /* WeatherForecast */ = {
			isa = PBXGroup;
			children = (
				6C37A888268C118E007ABFC9 /* AppDelegate.swift */,
				6C37A88A268C118E007ABFC9 /* SceneDelegate.swift */,
				6C37A88C268C118E007ABFC9 /* ViewController.swift */,
				6C37A88E268C118E007ABFC9 /* Main.storyboard */,
				6C37A891268C118F007ABFC9 /* Assets.xcassets */,
				6C37A893268C118F007ABFC9 /* LaunchScreen.storyboard */,
				6C37A896268C118F007ABFC9 /* Info.plist */,
			);
			path = WeatherForecast;
			sourceTree = "<group>";
		};
		6C37A89E268C1190007ABFC9 /* WeatherForecastTests */ = {
			isa = PBXGroup;
			children = (
				6C37A89F268C1190007ABFC9 /* WeatherForecastTests.swift */,
				6C37A8A1268C1190007ABFC9 /* Info.plist */,
			);
			path = WeatherForecastTests;
			sourceTree = "<group>";
		};
		6C37A8A9268C1190007ABFC9 /* WeatherForecastUITests */ = {
			isa = PBXGroup;
			children = (
				6C37A8AA268C1190007ABFC9 /* WeatherForecastUITests.swift */,
				6C37A8AC268C1190007ABFC9 /* Info.plist */,
			);
			path = WeatherForecastUITests;
			sourceTree = "<group>";
		};
/* End PBXGroup section */

/* Begin PBXNativeTarget section */
		6C37A884268C118E007ABFC9 /* WeatherForecast */ = {
			isa = PBXNativeTarget;
			buildConfigurationList = 6C37A8AF268C1190007ABFC9 /* Build configuration list for PBXNativeTarget "WeatherForecast" */;
			buildPhases = (
				6C37A881268C118E007ABFC9 /* Sources */,
				6C37A882268C118E007ABFC9 /* Frameworks */,
				6C37A883268C118E007ABFC9 /* Resources */,
			);
			buildRules = (
			);
			dependencies = (
			);
			name = WeatherForecast;
			productName = WeatherForecast;
			productReference = 6C37A885268C118E007ABFC9 /* WeatherForecast.app */;
			productType = "com.apple.product-type.application";
		};
		6C37A89A268C1190007ABFC9 /* WeatherForecastTests */ = {
			isa = PBXNativeTarget;
			buildConfigurationList = 6C37A8B2268C1190007ABFC9 /* Build configuration list for PBXNativeTarget "WeatherForecastTests" */;
			buildPhases = (
				6C37A897268C1190007ABFC9 /* Sources */,
				6C37A898268C1190007ABFC9 /* Frameworks */,
				6C37A899268C1190007ABFC9 /* Resources */,
			);
			buildRules = (
			);
			dependencies = (
				6C37A89D268C1190007ABFC9 /* PBXTargetDependency */,
			);
			name = WeatherForecastTests;
			productName = WeatherForecastTests;
			productReference = 6C37A89B268C1190007ABFC9 /* WeatherForecastTests.xctest */;
			productType = "com.apple.product-type.bundle.unit-test";
		};
		6C37A8A5268C1190007ABFC9 /* WeatherForecastUITests */ = {
			isa = PBXNativeTarget;
			buildConfigurationList = 6C37A8B5268C1190007ABFC9 /* Build configuration list for PBXNativeTarget "WeatherForecastUITests" */;
			buildPhases = (
				6C37A8A2268C1190007ABFC9 /* Sources */,
				6C37A8A3268C1190007ABFC9 /* Frameworks */,
				6C37A8A4268C1190007ABFC9 /* Resources */,
			);
			buildRules = (
			);
			dependencies = (
				6C37A8A8268C1190007ABFC9 /* PBXTargetDependency */,
			);
			name = WeatherForecastUITests;
			productName = WeatherForecastUITests;
			productReference = 6C37A8A6268C1190007ABFC9 /* WeatherForecastUITests.xctest */;
			productType = "com.apple.product-type.bundle.ui-testing";
		};
/* End PBXNativeTarget section */

/* Begin PBXProject section */
		6C37A87D268C118E007ABFC9 /* Project object */ = {
			isa = PBXProject;
			attributes = {
				LastSwiftUpdateCheck = 1250;
				LastUpgradeCheck = 1250;
				TargetAttributes = {
					6C37A884268C118E007ABFC9 = {
						CreatedOnToolsVersion = 12.5;
					};
					6C37A89A268C1190007ABFC9 = {
						CreatedOnToolsVersion = 12.5;
						TestTargetID = 6C37A884268C118E007ABFC9;
					};
					6C37A8A5268C1190007ABFC9 = {
						CreatedOnToolsVersion = 12.5;
						TestTargetID = 6C37A884268C118E007ABFC9;
					};
				};
			};
			buildConfigurationList = 6C37A880268C118E007ABFC9 /* Build configuration list for PBXProject "WeatherForecast" */;
			compatibilityVersion = "Xcode 9.3";
			developmentRegion = en;
			hasScannedForEncodings = 0;
			knownRegions = (
				en,
				Base,
			);
			mainGroup = 6C37A87C268C118E007ABFC9;
			productRefGroup = 6C37A886268C118E007ABFC9 /* Products */;
			projectDirPath = "";
			projectRoot = "";
			targets = (
				6C37A884268C118E007ABFC9 /* WeatherForecast */,
				6C37A89A268C1190007ABFC9 /* WeatherForecastTests */,
				6C37A8A5268C1190007ABFC9 /* WeatherForecastUITests */,
			);
		};
/* End PBXProject section */

/* Begin PBXResourcesBuildPhase section */
		6C37A883268C118E007ABFC9 /* Resources */ = {
			isa = PBXResourcesBuildPhase;
			buildActionMask = 2147483647;
			files = (
				6C37A895268C118F007ABFC9 /* LaunchScreen.storyboard in Resources */,
				6C37A892268C118F007ABFC9 /* Assets.xcassets in Resources */,
				6C37A890268C118E007ABFC9 /* Main.storyboard in Resources */,
			);
			runOnlyForDeploymentPostprocessing = 0;
		};
		6C37A899268C1190007ABFC9 /* Resources */ = {
			isa = PBXResourcesBuildPhase;
			buildActionMask = 2147483647;
			files = (
			);
			runOnlyForDeploymentPostprocessing = 0;
		};
		6C37A8A4268C1190007ABFC9 /* Resources */ = {
			isa = PBXResourcesBuildPhase;
			buildActionMask = 2147483647;
			files = (
			);
			runOnlyForDeploymentPostprocessing = 0;
		};
/* End PBXResourcesBuildPhase section */

/* Begin PBXSourcesBuildPhase section */
		6C37A881268C118E007ABFC9 /* Sources */ = {
			isa = PBXSourcesBuildPhase;
			buildActionMask = 2147483647;
			files = (
				6C37A88D268C118E007ABFC9 /* ViewController.swift in Sources */,
				6C37A889268C118E007ABFC9 /* AppDelegate.swift in Sources */,
				6C37A88B268C118E007ABFC9 /* SceneDelegate.swift in Sources */,
			);
			runOnlyForDeploymentPostprocessing = 0;
		};
		6C37A897268C1190007ABFC9 /* Sources */ = {
			isa = PBXSourcesBuildPhase;
			buildActionMask = 2147483647;
			files = (
				6C37A8A0268C1190007ABFC9 /* WeatherForecastTests.swift in Sources */,
			);
			runOnlyForDeploymentPostprocessing = 0;
		};
		6C37A8A2268C1190007ABFC9 /* Sources */ = {
			isa = PBXSourcesBuildPhase;
			buildActionMask = 2147483647;
			files = (
				6C37A8AB268C1190007ABFC9 /* WeatherForecastUITests.swift in Sources */,
			);
			runOnlyForDeploymentPostprocessing = 0;
		};
/* End PBXSourcesBuildPhase section */

/* Begin PBXTargetDependency section */
		6C37A89D268C1190007ABFC9 /* PBXTargetDependency */ = {
			isa = PBXTargetDependency;
			target = 6C37A884268C118E007ABFC9 /* WeatherForecast */;
			targetProxy = 6C37A89C268C1190007ABFC9 /* PBXContainerItemProxy */;
		};
		6C37A8A8268C1190007ABFC9 /* PBXTargetDependency */ = {
			isa = PBXTargetDependency;
			target = 6C37A884268C118E007ABFC9 /* WeatherForecast */;
			targetProxy = 6C37A8A7268C1190007ABFC9 /* PBXContainerItemProxy */;
		};
/* End PBXTargetDependency section */

/* Begin PBXVariantGroup section */
		6C37A88E268C118E007ABFC9 /* Main.storyboard */ = {
			isa = PBXVariantGroup;
			children = (
				6C37A88F268C118E007ABFC9 /* Base */,
			);
			name = Main.storyboard;
			sourceTree = "<group>";
		};
		6C37A893268C118F007ABFC9 /* LaunchScreen.storyboard */ = {
			isa = PBXVariantGroup;
			children = (
				6C37A894268C118F007ABFC9 /* Base */,
			);
			name = LaunchScreen.storyboard;
			sourceTree = "<group>";
		};
/* End PBXVariantGroup section */

/* Begin XCBuildConfiguration section */
		6C37A8AD268C1190007ABFC9 /* Debug */ = {
			isa = XCBuildConfiguration;
			buildSettings = {
				ALWAYS_SEARCH_USER_PATHS = NO;
				CLANG_ANALYZER_NONNULL = YES;
				CLANG_ANALYZER_NUMBER_OBJECT_CONVERSION = YES_AGGRESSIVE;
				CLANG_CXX_LANGUAGE_STANDARD = "gnu++14";
				CLANG_CXX_LIBRARY = "libc++";
				CLANG_ENABLE_MODULES = YES;
				CLANG_ENABLE_OBJC_ARC = YES;
				CLANG_ENABLE_OBJC_WEAK = YES;
				CLANG_WARN_BLOCK_CAPTURE_AUTORELEASING = YES;
				CLANG_WARN_BOOL_CONVERSION = YES;
				CLANG_WARN_COMMA = YES;
				CLANG_WARN_CONSTANT_CONVERSION = YES;
				CLANG_WARN_DEPRECATED_OBJC_IMPLEMENTATIONS = YES;
				CLANG_WARN_DIRECT_OBJC_ISA_USAGE = YES_ERROR;
				CLANG_WARN_DOCUMENTATION_COMMENTS = YES;
				CLANG_WARN_EMPTY_BODY = YES;
				CLANG_WARN_ENUM_CONVERSION = YES;
				CLANG_WARN_INFINITE_RECURSION = YES;
				CLANG_WARN_INT_CONVERSION = YES;
				CLANG_WARN_NON_LITERAL_NULL_CONVERSION = YES;
				CLANG_WARN_OBJC_IMPLICIT_RETAIN_SELF = YES;
				CLANG_WARN_OBJC_LITERAL_CONVERSION = YES;
				CLANG_WARN_OBJC_ROOT_CLASS = YES_ERROR;
				CLANG_WARN_QUOTED_INCLUDE_IN_FRAMEWORK_HEADER = YES;
				CLANG_WARN_RANGE_LOOP_ANALYSIS = YES;
				CLANG_WARN_STRICT_PROTOTYPES = YES;
				CLANG_WARN_SUSPICIOUS_MOVE = YES;
				CLANG_WARN_UNGUARDED_AVAILABILITY = YES_AGGRESSIVE;
				CLANG_WARN_UNREACHABLE_CODE = YES;
				CLANG_WARN__DUPLICATE_METHOD_MATCH = YES;
				COPY_PHASE_STRIP = NO;
				DEBUG_INFORMATION_FORMAT = dwarf;
				ENABLE_STRICT_OBJC_MSGSEND = YES;
				ENABLE_TESTABILITY = YES;
				GCC_C_LANGUAGE_STANDARD = gnu11;
				GCC_DYNAMIC_NO_PIC = NO;
				GCC_NO_COMMON_BLOCKS = YES;
				GCC_OPTIMIZATION_LEVEL = 0;
				GCC_PREPROCESSOR_DEFINITIONS = (
					"DEBUG=1",
					"$(inherited)",
				);
				GCC_WARN_64_TO_32_BIT_CONVERSION = YES;
				GCC_WARN_ABOUT_RETURN_TYPE = YES_ERROR;
				GCC_WARN_UNDECLARED_SELECTOR = YES;
				GCC_WARN_UNINITIALIZED_AUTOS = YES_AGGRESSIVE;
				GCC_WARN_UNUSED_FUNCTION = YES;
				GCC_WARN_UNUSED_VARIABLE = YES;
				IPHONEOS_DEPLOYMENT_TARGET = 14.5;
				MTL_ENABLE_DEBUG_INFO = INCLUDE_SOURCE;
				MTL_FAST_MATH = YES;
				ONLY_ACTIVE_ARCH = YES;
				SDKROOT = iphoneos;
				SWIFT_ACTIVE_COMPILATION_CONDITIONS = DEBUG;
				SWIFT_OPTIMIZATION_LEVEL = "-Onone";
			};
			name = Debug;
		};
		6C37A8AE268C1190007ABFC9 /* Release */ = {
			isa = XCBuildConfiguration;
			buildSettings = {
				ALWAYS_SEARCH_USER_PATHS = NO;
				CLANG_ANALYZER_NONNULL = YES;
				CLANG_ANALYZER_NUMBER_OBJECT_CONVERSION = YES_AGGRESSIVE;
				CLANG_CXX_LANGUAGE_STANDARD = "gnu++14";
				CLANG_CXX_LIBRARY = "libc++";
				CLANG_ENABLE_MODULES = YES;
				CLANG_ENABLE_OBJC_ARC = YES;
				CLANG_ENABLE_OBJC_WEAK = YES;
				CLANG_WARN_BLOCK_CAPTURE_AUTORELEASING = YES;
				CLANG_WARN_BOOL_CONVERSION = YES;
				CLANG_WARN_COMMA = YES;
				CLANG_WARN_CONSTANT_CONVERSION = YES;
				CLANG_WARN_DEPRECATED_OBJC_IMPLEMENTATIONS = YES;
				CLANG_WARN_DIRECT_OBJC_ISA_USAGE = YES_ERROR;
				CLANG_WARN_DOCUMENTATION_COMMENTS = YES;
				CLANG_WARN_EMPTY_BODY = YES;
				CLANG_WARN_ENUM_CONVERSION = YES;
				CLANG_WARN_INFINITE_RECURSION = YES;
				CLANG_WARN_INT_CONVERSION = YES;
				CLANG_WARN_NON_LITERAL_NULL_CONVERSION = YES;
				CLANG_WARN_OBJC_IMPLICIT_RETAIN_SELF = YES;
				CLANG_WARN_OBJC_LITERAL_CONVERSION = YES;
				CLANG_WARN_OBJC_ROOT_CLASS = YES_ERROR;
				CLANG_WARN_QUOTED_INCLUDE_IN_FRAMEWORK_HEADER = YES;
				CLANG_WARN_RANGE_LOOP_ANALYSIS = YES;
				CLANG_WARN_STRICT_PROTOTYPES = YES;
				CLANG_WARN_SUSPICIOUS_MOVE = YES;
				CLANG_WARN_UNGUARDED_AVAILABILITY = YES_AGGRESSIVE;
				CLANG_WARN_UNREACHABLE_CODE = YES;
				CLANG_WARN__DUPLICATE_METHOD_MATCH = YES;
				COPY_PHASE_STRIP = NO;
				DEBUG_INFORMATION_FORMAT = "dwarf-with-dsym";
				ENABLE_NS_ASSERTIONS = NO;
				ENABLE_STRICT_OBJC_MSGSEND = YES;
				GCC_C_LANGUAGE_STANDARD = gnu11;
				GCC_NO_COMMON_BLOCKS = YES;
				GCC_WARN_64_TO_32_BIT_CONVERSION = YES;
				GCC_WARN_ABOUT_RETURN_TYPE = YES_ERROR;
				GCC_WARN_UNDECLARED_SELECTOR = YES;
				GCC_WARN_UNINITIALIZED_AUTOS = YES_AGGRESSIVE;
				GCC_WARN_UNUSED_FUNCTION = YES;
				GCC_WARN_UNUSED_VARIABLE = YES;
				IPHONEOS_DEPLOYMENT_TARGET = 14.5;
				MTL_ENABLE_DEBUG_INFO = NO;
				MTL_FAST_MATH = YES;
				SDKROOT = iphoneos;
				SWIFT_COMPILATION_MODE = wholemodule;
				SWIFT_OPTIMIZATION_LEVEL = "-O";
				VALIDATE_PRODUCT = YES;
			};
			name = Release;
		};
		6C37A8B0268C1190007ABFC9 /* Debug */ = {
			isa = XCBuildConfiguration;
			buildSettings = {
				ASSETCATALOG_COMPILER_APPICON_NAME = AppIcon;
				ASSETCATALOG_COMPILER_GLOBAL_ACCENT_COLOR_NAME = AccentColor;
				CODE_SIGN_STYLE = Automatic;
				DEVELOPMENT_TEAM = RD2N7UQP83;
				INFOPLIST_FILE = WeatherForecast/Info.plist;
				LD_RUNPATH_SEARCH_PATHS = (
					"$(inherited)",
					"@executable_path/Frameworks",
				);
				PRODUCT_BUNDLE_IDENTIFIER = com.sokan.WeatherForecast;
				PRODUCT_NAME = "$(TARGET_NAME)";
				SWIFT_VERSION = 5.0;
				TARGETED_DEVICE_FAMILY = "1,2";
			};
			name = Debug;
		};
		6C37A8B1268C1190007ABFC9 /* Release */ = {
			isa = XCBuildConfiguration;
			buildSettings = {
				ASSETCATALOG_COMPILER_APPICON_NAME = AppIcon;
				ASSETCATALOG_COMPILER_GLOBAL_ACCENT_COLOR_NAME = AccentColor;
				CODE_SIGN_STYLE = Automatic;
				DEVELOPMENT_TEAM = RD2N7UQP83;
				INFOPLIST_FILE = WeatherForecast/Info.plist;
				LD_RUNPATH_SEARCH_PATHS = (
					"$(inherited)",
					"@executable_path/Frameworks",
				);
				PRODUCT_BUNDLE_IDENTIFIER = com.sokan.WeatherForecast;
				PRODUCT_NAME = "$(TARGET_NAME)";
				SWIFT_VERSION = 5.0;
				TARGETED_DEVICE_FAMILY = "1,2";
			};
			name = Release;
		};
		6C37A8B3268C1190007ABFC9 /* Debug */ = {
			isa = XCBuildConfiguration;
			buildSettings = {
				ALWAYS_EMBED_SWIFT_STANDARD_LIBRARIES = YES;
				BUNDLE_LOADER = "$(TEST_HOST)";
				CODE_SIGN_STYLE = Automatic;
				DEVELOPMENT_TEAM = RD2N7UQP83;
				INFOPLIST_FILE = WeatherForecastTests/Info.plist;
				IPHONEOS_DEPLOYMENT_TARGET = 14.5;
				LD_RUNPATH_SEARCH_PATHS = (
					"$(inherited)",
					"@executable_path/Frameworks",
					"@loader_path/Frameworks",
				);
				PRODUCT_BUNDLE_IDENTIFIER = com.sokan.WeatherForecastTests;
				PRODUCT_NAME = "$(TARGET_NAME)";
				SWIFT_VERSION = 5.0;
				TARGETED_DEVICE_FAMILY = "1,2";
				TEST_HOST = "$(BUILT_PRODUCTS_DIR)/WeatherForecast.app/WeatherForecast";
			};
			name = Debug;
		};
		6C37A8B4268C1190007ABFC9 /* Release */ = {
			isa = XCBuildConfiguration;
			buildSettings = {
				ALWAYS_EMBED_SWIFT_STANDARD_LIBRARIES = YES;
				BUNDLE_LOADER = "$(TEST_HOST)";
				CODE_SIGN_STYLE = Automatic;
				DEVELOPMENT_TEAM = RD2N7UQP83;
				INFOPLIST_FILE = WeatherForecastTests/Info.plist;
				IPHONEOS_DEPLOYMENT_TARGET = 14.5;
				LD_RUNPATH_SEARCH_PATHS = (
					"$(inherited)",
					"@executable_path/Frameworks",
					"@loader_path/Frameworks",
				);
				PRODUCT_BUNDLE_IDENTIFIER = com.sokan.WeatherForecastTests;
				PRODUCT_NAME = "$(TARGET_NAME)";
				SWIFT_VERSION = 5.0;
				TARGETED_DEVICE_FAMILY = "1,2";
				TEST_HOST = "$(BUILT_PRODUCTS_DIR)/WeatherForecast.app/WeatherForecast";
			};
			name = Release;
		};
		6C37A8B6268C1190007ABFC9 /* Debug */ = {
			isa = XCBuildConfiguration;
			buildSettings = {
				ALWAYS_EMBED_SWIFT_STANDARD_LIBRARIES = YES;
				CODE_SIGN_STYLE = Automatic;
				DEVELOPMENT_TEAM = RD2N7UQP83;
				INFOPLIST_FILE = WeatherForecastUITests/Info.plist;
				LD_RUNPATH_SEARCH_PATHS = (
					"$(inherited)",
					"@executable_path/Frameworks",
					"@loader_path/Frameworks",
				);
				PRODUCT_BUNDLE_IDENTIFIER = com.sokan.WeatherForecastUITests;
				PRODUCT_NAME = "$(TARGET_NAME)";
				SWIFT_VERSION = 5.0;
				TARGETED_DEVICE_FAMILY = "1,2";
				TEST_TARGET_NAME = WeatherForecast;
			};
			name = Debug;
		};
		6C37A8B7268C1190007ABFC9 /* Release */ = {
			isa = XCBuildConfiguration;
			buildSettings = {
				ALWAYS_EMBED_SWIFT_STANDARD_LIBRARIES = YES;
				CODE_SIGN_STYLE = Automatic;
				DEVELOPMENT_TEAM = RD2N7UQP83;
				INFOPLIST_FILE = WeatherForecastUITests/Info.plist;
				LD_RUNPATH_SEARCH_PATHS = (
					"$(inherited)",
					"@executable_path/Frameworks",
					"@loader_path/Frameworks",
				);
				PRODUCT_BUNDLE_IDENTIFIER = com.sokan.WeatherForecastUITests;
				PRODUCT_NAME = "$(TARGET_NAME)";
				SWIFT_VERSION = 5.0;
				TARGETED_DEVICE_FAMILY = "1,2";
				TEST_TARGET_NAME = WeatherForecast;
			};
			name = Release;
		};
/* End XCBuildConfiguration section */

/* Begin XCConfigurationList section */
		6C37A880268C118E007ABFC9 /* Build configuration list for PBXProject "WeatherForecast" */ = {
			isa = XCConfigurationList;
			buildConfigurations = (
				6C37A8AD268C1190007ABFC9 /* Debug */,
				6C37A8AE268C1190007ABFC9 /* Release */,
			);
			defaultConfigurationIsVisible = 0;
			defaultConfigurationName = Release;
		};
		6C37A8AF268C1190007ABFC9 /* Build configuration list for PBXNativeTarget "WeatherForecast" */ = {
			isa = XCConfigurationList;
			buildConfigurations = (
				6C37A8B0268C1190007ABFC9 /* Debug */,
				6C37A8B1268C1190007ABFC9 /* Release */,
			);
			defaultConfigurationIsVisible = 0;
			defaultConfigurationName = Release;
		};
		6C37A8B2268C1190007ABFC9 /* Build configuration list for PBXNativeTarget "WeatherForecastTests" */ = {
			isa = XCConfigurationList;
			buildConfigurations = (
				6C37A8B3268C1190007ABFC9 /* Debug */,
				6C37A8B4268C1190007ABFC9 /* Release */,
			);
			defaultConfigurationIsVisible = 0;
			defaultConfigurationName = Release;
		};
		6C37A8B5268C1190007ABFC9 /* Build configuration list for PBXNativeTarget "WeatherForecastUITests" */ = {
			isa = XCConfigurationList;
			buildConfigurations = (
				6C37A8B6268C1190007ABFC9 /* Debug */,
				6C37A8B7268C1190007ABFC9 /* Release */,
			);
			defaultConfigurationIsVisible = 0;
			defaultConfigurationName = Release;
		};
/* End XCConfigurationList section */
	};
	rootObject = 6C37A87D268C118E007ABFC9 /* Project object */;
}
